
Microsoft Visual Studio Solution File, Format Version 12.00
# Visual Studio 2015
Project("{FAE04EC0-301F-11D3-BF4B-00C04F79EFBC}") = "RockmanTest.CSharp", "RockmanTest.CSharp.csproj", "{8D8ACF53-7F1D-4DCA-161C-233629DEE98F}"
EndProject
Global
	GlobalSection(SolutionConfigurationPlatforms) = preSolution
		Debug|Any CPU = Debug|Any CPU
		Release|Any CPU = Release|Any CPU
	EndGlobalSection
	GlobalSection(ProjectConfigurationPlatforms) = postSolution
		{8D8ACF53-7F1D-4DCA-161C-233629DEE98F}.Debug|Any CPU.ActiveCfg = Debug|Any CPU
		{8D8ACF53-7F1D-4DCA-161C-233629DEE98F}.Debug|Any CPU.Build.0 = Debug|Any CPU
		{8D8ACF53-7F1D-4DCA-161C-233629DEE98F}.Release|Any CPU.ActiveCfg = Release|Any CPU
		{8D8ACF53-7F1D-4DCA-161C-233629DEE98F}.Release|Any CPU.Build.0 = Release|Any CPU
	EndGlobalSection
	GlobalSection(SolutionProperties) = preSolution
		HideSolutionNode = FALSE
	EndGlobalSection
EndGlobal
